
Microsoft Visual Studio Solution File, Format Version 11.00
# Visual Studio 2010
Project("{FAE04EC0-301F-11D3-BF4B-00C04F79EFBC}") = "Team Fishtank", "Assembly-CSharp.csproj", "{7F8DD083-9FC6-5D7C-44CD-E1D083057670}"
EndProject
Project("{FAE04EC0-301F-11D3-BF4B-00C04F79EFBC}") = "Team Fishtank", "Assembly-CSharp-Editor.csproj", "{D65BB8AF-6211-1F44-4682-4D8D692BF05F}"
EndProject
Global
	GlobalSection(SolutionConfigurationPlatforms) = preSolution
		Debug|Any CPU = Debug|Any CPU
		Release|Any CPU = Release|Any CPU
	EndGlobalSection
	GlobalSection(ProjectConfigurationPlatforms) = postSolution
		{7F8DD083-9FC6-5D7C-44CD-E1D083057670}.Debug|Any CPU.ActiveCfg = Debug|Any CPU
		{7F8DD083-9FC6-5D7C-44CD-E1D083057670}.Debug|Any CPU.Build.0 = Debug|Any CPU
		{7F8DD083-9FC6-5D7C-44CD-E1D083057670}.Release|Any CPU.ActiveCfg = Release|Any CPU
		{7F8DD083-9FC6-5D7C-44CD-E1D083057670}.Release|Any CPU.Build.0 = Release|Any CPU
		{D65BB8AF-6211-1F44-4682-4D8D692BF05F}.Debug|Any CPU.ActiveCfg = Debug|Any CPU
		{D65BB8AF-6211-1F44-4682-4D8D692BF05F}.Debug|Any CPU.Build.0 = Debug|Any CPU
		{D65BB8AF-6211-1F44-4682-4D8D692BF05F}.Release|Any CPU.ActiveCfg = Release|Any CPU
		{D65BB8AF-6211-1F44-4682-4D8D692BF05F}.Release|Any CPU.Build.0 = Release|Any CPU
	EndGlobalSection
	GlobalSection(SolutionProperties) = preSolution
		HideSolutionNode = FALSE
	EndGlobalSection
	GlobalSection(MonoDevelopProperties) = preSolution
		StartupItem = Assembly-CSharp.csproj
	EndGlobalSection
EndGlobal
